{
	"name": "quiet-life",
	"lockfileVersion": 2,
	"requires": true,
	"packages": {
		"": {
			"dependencies": {
				"kdljs": "^0.1.4"
			}
		},
		"node_modules/@chevrotain/cst-dts-gen": {
			"version": "10.3.0",
			"resolved": "https://registry.npmjs.org/@chevrotain/cst-dts-gen/-/cst-dts-gen-10.3.0.tgz",
			"integrity": "sha512-7DJPfCtfK1SU1/F3ZmmVv5IsTTcP/iiKFqU1m0H4VzJNvG3/GNxJFQjy4t/veWTAFSPWSj1WCNyq+sc5XKq9yA==",
			"dependencies": {
				"@chevrotain/gast": "10.3.0",
				"@chevrotain/types": "10.3.0",
				"lodash": "4.17.21"
			}
		},
		"node_modules/@chevrotain/gast": {
			"version": "10.3.0",
			"resolved": "https://registry.npmjs.org/@chevrotain/gast/-/gast-10.3.0.tgz",
			"integrity": "sha512-kLbGubyLprlyFZ1/c5pkpciCi6WTcRcnKhkfflSdKsZuoy0OmVTEXzrmFCQWzJ+QtmQNtPZTKwIBXJ6Zixp6nA==",
			"dependencies": {
				"@chevrotain/types": "10.3.0",
				"lodash": "4.17.21"
			}
		},
		"node_modules/@chevrotain/types": {
			"version": "10.3.0",
			"resolved": "https://registry.npmjs.org/@chevrotain/types/-/types-10.3.0.tgz",
			"integrity": "sha512-LGesL4c5+FyweDsmFukcxmsowpagj1iC4iqkQSIDG3Y7krV2rIOmCDDq4kZff51Asr6yQHEJsWTyvGVHeWQLkw=="
		},
		"node_modules/@chevrotain/utils": {
			"version": "10.3.0",
			"resolved": "https://registry.npmjs.org/@chevrotain/utils/-/utils-10.3.0.tgz",
			"integrity": "sha512-KCpFcX+kNyKlVZQW60ZUGRW5Nsg5u0F2CIgHiDQyg282ouHS9xap2ZEKqhwGE/0nYP46nAPnGPdb/IYh7ZHOsA=="
		},
		"node_modules/chevrotain": {
			"version": "10.3.0",
			"resolved": "https://registry.npmjs.org/chevrotain/-/chevrotain-10.3.0.tgz",
			"integrity": "sha512-sy3yTBfvNJmxzYOGWaDStZFuA7va5/MXwzBU+XBIol0bR0aYlfGqTjzgedeu32Ki/j7IVyvYAZO2PInBjmmMjg==",
			"dependencies": {
				"@chevrotain/cst-dts-gen": "10.3.0",
				"@chevrotain/gast": "10.3.0",
				"@chevrotain/types": "10.3.0",
				"@chevrotain/utils": "10.3.0",
				"lodash": "4.17.21",
				"regexp-to-ast": "0.5.0"
			}
		},
		"node_modules/kdljs": {
			"version": "0.1.4",
			"resolved": "https://registry.npmjs.org/kdljs/-/kdljs-0.1.4.tgz",
			"integrity": "sha512-+S4W+Wi8iQPS8cg9IL7dDhzKe+aQYM6Kk+HztPUYx2CnljhjKncpSGAVXVEtKXSNmK4rApVRRlKd4jQb4/WmXA==",
			"dependencies": {
				"chevrotain": "^10.1.2"
			}
		},
		"node_modules/lodash": {
			"version": "4.17.21",
			"resolved": "https://registry.npmjs.org/lodash/-/lodash-4.17.21.tgz",
			"integrity": "sha512-v2kDEe57lecTulaDIuNTPy3Ry4gLGJ6Z1O3vE1krgXZNrsQ+LFTGHVxVjcXPs17LhbZVGedAJv8XZ1tvj5FvSg=="
		},
		"node_modules/regexp-to-ast": {
			"version": "0.5.0",
			"resolved": "https://registry.npmjs.org/regexp-to-ast/-/regexp-to-ast-0.5.0.tgz",
			"integrity": "sha512-tlbJqcMHnPKI9zSrystikWKwHkBqu2a/Sgw01h3zFjvYrMxEDYHzzoMZnUrbIfpTFEsoRnnviOXNCzFiSc54Qw=="
		}
	},
	"dependencies": {
		"@chevrotain/cst-dts-gen": {
			"version": "10.3.0",
			"resolved": "https://registry.npmjs.org/@chevrotain/cst-dts-gen/-/cst-dts-gen-10.3.0.tgz",
			"integrity": "sha512-7DJPfCtfK1SU1/F3ZmmVv5IsTTcP/iiKFqU1m0H4VzJNvG3/GNxJFQjy4t/veWTAFSPWSj1WCNyq+sc5XKq9yA==",
			"requires": {
				"@chevrotain/gast": "10.3.0",
				"@chevrotain/types": "10.3.0",
				"lodash": "4.17.21"
			}
		},
		"@chevrotain/gast": {
			"version": "10.3.0",
			"resolved": "https://registry.npmjs.org/@chevrotain/gast/-/gast-10.3.0.tgz",
			"integrity": "sha512-kLbGubyLprlyFZ1/c5pkpciCi6WTcRcnKhkfflSdKsZuoy0OmVTEXzrmFCQWzJ+QtmQNtPZTKwIBXJ6Zixp6nA==",
			"requires": {
				"@chevrotain/types": "10.3.0",
				"lodash": "4.17.21"
			}
		},
		"@chevrotain/types": {
			"version": "10.3.0",
			"resolved": "https://registry.npmjs.org/@chevrotain/types/-/types-10.3.0.tgz",
			"integrity": "sha512-LGesL4c5+FyweDsmFukcxmsowpagj1iC4iqkQSIDG3Y7krV2rIOmCDDq4kZff51Asr6yQHEJsWTyvGVHeWQLkw=="
		},
		"@chevrotain/utils": {
			"version": "10.3.0",
			"resolved": "https://registry.npmjs.org/@chevrotain/utils/-/utils-10.3.0.tgz",
			"integrity": "sha512-KCpFcX+kNyKlVZQW60ZUGRW5Nsg5u0F2CIgHiDQyg282ouHS9xap2ZEKqhwGE/0nYP46nAPnGPdb/IYh7ZHOsA=="
		},
		"chevrotain": {
			"version": "10.3.0",
			"resolved": "https://registry.npmjs.org/chevrotain/-/chevrotain-10.3.0.tgz",
			"integrity": "sha512-sy3yTBfvNJmxzYOGWaDStZFuA7va5/MXwzBU+XBIol0bR0aYlfGqTjzgedeu32Ki/j7IVyvYAZO2PInBjmmMjg==",
			"requires": {
				"@chevrotain/cst-dts-gen": "10.3.0",
				"@chevrotain/gast": "10.3.0",
				"@chevrotain/types": "10.3.0",
				"@chevrotain/utils": "10.3.0",
				"lodash": "4.17.21",
				"regexp-to-ast": "0.5.0"
			}
		},
		"kdljs": {
			"version": "0.1.4",
			"resolved": "https://registry.npmjs.org/kdljs/-/kdljs-0.1.4.tgz",
			"integrity": "sha512-+S4W+Wi8iQPS8cg9IL7dDhzKe+aQYM6Kk+HztPUYx2CnljhjKncpSGAVXVEtKXSNmK4rApVRRlKd4jQb4/WmXA==",
			"requires": {
				"chevrotain": "^10.1.2"
			}
		},
		"lodash": {
			"version": "4.17.21",
			"resolved": "https://registry.npmjs.org/lodash/-/lodash-4.17.21.tgz",
			"integrity": "sha512-v2kDEe57lecTulaDIuNTPy3Ry4gLGJ6Z1O3vE1krgXZNrsQ+LFTGHVxVjcXPs17LhbZVGedAJv8XZ1tvj5FvSg=="
		},
		"regexp-to-ast": {
			"version": "0.5.0",
			"resolved": "https://registry.npmjs.org/regexp-to-ast/-/regexp-to-ast-0.5.0.tgz",
			"integrity": "sha512-tlbJqcMHnPKI9zSrystikWKwHkBqu2a/Sgw01h3zFjvYrMxEDYHzzoMZnUrbIfpTFEsoRnnviOXNCzFiSc54Qw=="
		}
	}
}
